// !$*UTF8*$!
{
	archiveVersion = 1;
	classes = {
	};
	objectVersion = 46;
	objects = {

/* Begin PBXBuildFile section */
		1B5A78891BB5C975001D2BC4 /* DDDateFormatter.swift in Sources */ = {isa = PBXBuildFile; fileRef = 1B5A78881BB5C975001D2BC4 /* DDDateFormatter.swift */; };
		1B5A788D1BB5C9BD001D2BC4 /* DDCollectionViewUtility.swift in Sources */ = {isa = PBXBuildFile; fileRef = 1B5A788C1BB5C9BD001D2BC4 /* DDCollectionViewUtility.swift */; };
		1B5A788F1BB5C9CF001D2BC4 /* DDViewUtility.swift in Sources */ = {isa = PBXBuildFile; fileRef = 1B5A788E1BB5C9CF001D2BC4 /* DDViewUtility.swift */; };
		1B5A78911BB5CC36001D2BC4 /* PushUpInputInterfaceController.swift in Sources */ = {isa = PBXBuildFile; fileRef = 1B5A78901BB5CC36001D2BC4 /* PushUpInputInterfaceController.swift */; };
		1B5A78931BB5D0A5001D2BC4 /* PushUpReminderNotification.swift in Sources */ = {isa = PBXBuildFile; fileRef = 1B5A78921BB5D0A5001D2BC4 /* PushUpReminderNotification.swift */; };
		1B5A78951BB5D0CB001D2BC4 /* PushUpDetectedNotificationController.swift in Sources */ = {isa = PBXBuildFile; fileRef = 1B5A78941BB5D0CB001D2BC4 /* PushUpDetectedNotificationController.swift */; };
		1B5A78971BB5D0DC001D2BC4 /* PushUpDoneNotificationController.swift in Sources */ = {isa = PBXBuildFile; fileRef = 1B5A78961BB5D0DC001D2BC4 /* PushUpDoneNotificationController.swift */; };
		1B5A789E1BB5F13B001D2BC4 /* DayStatsInterfaceController.swift in Sources */ = {isa = PBXBuildFile; fileRef = 1B5A789D1BB5F13B001D2BC4 /* DayStatsInterfaceController.swift */; };
		1B81DA441BD03E99007EE9AF /* KnockHTF26JunFly in Resources */ = {isa = PBXBuildFile; fileRef = 1B81DA041BD03E99007EE9AF /* KnockHTF26JunFly */; settings = {ASSET_TAGS = (); }; };
		1B81DA451BD03E99007EE9AF /* KnockHTF27JunBan in Resources */ = {isa = PBXBuildFile; fileRef = 1B81DA051BD03E99007EE9AF /* KnockHTF27JunBan */; settings = {ASSET_TAGS = (); }; };
		1B81DA461BD03E99007EE9AF /* KnockHTF28JunFea in Resources */ = {isa = PBXBuildFile; fileRef = 1B81DA061BD03E99007EE9AF /* KnockHTF28JunFea */; settings = {ASSET_TAGS = (); }; };
		1B81DA471BD03E99007EE9AF /* KnockHTF29JunLit in Resources */ = {isa = PBXBuildFile; fileRef = 1B81DA071BD03E99007EE9AF /* KnockHTF29JunLit */; settings = {ASSET_TAGS = (); }; };
		1B81DA481BD03E99007EE9AF /* KnockHTF30JunWel in Resources */ = {isa = PBXBuildFile; fileRef = 1B81DA081BD03E99007EE9AF /* KnockHTF30JunWel */; settings = {ASSET_TAGS = (); }; };
		1B81DA491BD03E99007EE9AF /* KnockHTF31JunMid in Resources */ = {isa = PBXBuildFile; fileRef = 1B81DA091BD03E99007EE9AF /* KnockHTF31JunMid */; settings = {ASSET_TAGS = (); }; };
		1B81DA4A1BD03E99007EE9AF /* KnockHTF32JunCru in Resources */ = {isa = PBXBuildFile; fileRef = 1B81DA0A1BD03E99007EE9AF /* KnockHTF32JunCru */; settings = {ASSET_TAGS = (); }; };
		1B81DA4B1BD03E99007EE9AF /* KnockHTF33JunHev in Resources */ = {isa = PBXBuildFile; fileRef = 1B81DA0B1BD03E99007EE9AF /* KnockHTF33JunHev */; settings = {ASSET_TAGS = (); }; };
		1B81DA4C1BD03E99007EE9AF /* KnockHTF34JunSum in Resources */ = {isa = PBXBuildFile; fileRef = 1B81DA0C1BD03E99007EE9AF /* KnockHTF34JunSum */; settings = {ASSET_TAGS = (); }; };
		1B81DA4D1BD03E99007EE9AF /* KnockHTF46Fly in Resources */ = {isa = PBXBuildFile; fileRef = 1B81DA0D1BD03E99007EE9AF /* KnockHTF46Fly */; settings = {ASSET_TAGS = (); }; };
		1B81DA4E1BD03E99007EE9AF /* KnockHTF47Ban in Resources */ = {isa = PBXBuildFile; fileRef = 1B81DA0E1BD03E99007EE9AF /* KnockHTF47Ban */; settings = {ASSET_TAGS = (); }; };
		1B81DA4F1BD03E99007EE9AF /* KnockHTF48Fea in Resources */ = {isa = PBXBuildFile; fileRef = 1B81DA0F1BD03E99007EE9AF /* KnockHTF48Fea */; settings = {ASSET_TAGS = (); }; };
		1B81DA501BD03E99007EE9AF /* KnockHTF49Lit in Resources */ = {isa = PBXBuildFile; fileRef = 1B81DA101BD03E99007EE9AF /* KnockHTF49Lit */; settings = {ASSET_TAGS = (); }; };
		1B81DA511BD03E99007EE9AF /* KnockHTF50Wel in Resources */ = {isa = PBXBuildFile; fileRef = 1B81DA111BD03E99007EE9AF /* KnockHTF50Wel */; settings = {ASSET_TAGS = (); }; };
		1B81DA521BD03E99007EE9AF /* KnockHTF51Mid in Resources */ = {isa = PBXBuildFile; fileRef = 1B81DA121BD03E99007EE9AF /* KnockHTF51Mid */; settings = {ASSET_TAGS = (); }; };
		1B81DA531BD03E99007EE9AF /* KnockHTF52Cru in Resources */ = {isa = PBXBuildFile; fileRef = 1B81DA131BD03E99007EE9AF /* KnockHTF52Cru */; settings = {ASSET_TAGS = (); }; };
		1B81DA541BD03E99007EE9AF /* KnockHTF53Hev in Resources */ = {isa = PBXBuildFile; fileRef = 1B81DA141BD03E99007EE9AF /* KnockHTF53Hev */; settings = {ASSET_TAGS = (); }; };
		1B81DA551BD03E99007EE9AF /* KnockHTF54Sum in Resources */ = {isa = PBXBuildFile; fileRef = 1B81DA151BD03E99007EE9AF /* KnockHTF54Sum */; settings = {ASSET_TAGS = (); }; };
		1B81DA561BD03E99007EE9AF /* KnockHTF66FulFly in Resources */ = {isa = PBXBuildFile; fileRef = 1B81DA161BD03E99007EE9AF /* KnockHTF66FulFly */; settings = {ASSET_TAGS = (); }; };
		1B81DA571BD03E99007EE9AF /* KnockHTF67FulBan in Resources */ = {isa = PBXBuildFile; fileRef = 1B81DA171BD03E99007EE9AF /* KnockHTF67FulBan */; settings = {ASSET_TAGS = (); }; };
		1B81DA581BD03E99007EE9AF /* KnockHTF68FulFea in Resources */ = {isa = PBXBuildFile; fileRef = 1B81DA181BD03E99007EE9AF /* KnockHTF68FulFea */; settings = {ASSET_TAGS = (); }; };
		1B81DA591BD03E99007EE9AF /* KnockHTF69FulLit in Resources */ = {isa = PBXBuildFile; fileRef = 1B81DA191BD03E99007EE9AF /* KnockHTF69FulLit */; settings = {ASSET_TAGS = (); }; };
		1B81DA5A1BD03E99007EE9AF /* KnockHTF70FulWel in Resources */ = {isa = PBXBuildFile; fileRef = 1B81DA1A1BD03E99007EE9AF /* KnockHTF70FulWel */; settings = {ASSET_TAGS = (); }; };
		1B81DA5B1BD03E99007EE9AF /* KnockHTF71FulMid in Resources */ = {isa = PBXBuildFile; fileRef = 1B81DA1B1BD03E99007EE9AF /* KnockHTF71FulMid */; settings = {ASSET_TAGS = (); }; };
		1B81DA5C1BD03E99007EE9AF /* KnockHTF72FulCru in Resources */ = {isa = PBXBuildFile; fileRef = 1B81DA1C1BD03E99007EE9AF /* KnockHTF72FulCru */; settings = {ASSET_TAGS = (); }; };
		1B81DA5D1BD03E99007EE9AF /* KnockHTF73FulHev in Resources */ = {isa = PBXBuildFile; fileRef = 1B81DA1D1BD03E99007EE9AF /* KnockHTF73FulHev */; settings = {ASSET_TAGS = (); }; };
		1B81DA5E1BD03E99007EE9AF /* KnockHTF74FulSum in Resources */ = {isa = PBXBuildFile; fileRef = 1B81DA1E1BD03E99007EE9AF /* KnockHTF74FulSum */; settings = {ASSET_TAGS = (); }; };
		1B81DA5F1BD03E99007EE9AF /* KnockHTF90UltWel in Resources */ = {isa = PBXBuildFile; fileRef = 1B81DA1F1BD03E99007EE9AF /* KnockHTF90UltWel */; settings = {ASSET_TAGS = (); }; };
		1B81DA601BD03E99007EE9AF /* KnockHTF91UltMid in Resources */ = {isa = PBXBuildFile; fileRef = 1B81DA201BD03E99007EE9AF /* KnockHTF91UltMid */; settings = {ASSET_TAGS = (); }; };
		1B81DA611BD03E99007EE9AF /* KnockHTF92UltCru in Resources */ = {isa = PBXBuildFile; fileRef = 1B81DA211BD03E99007EE9AF /* KnockHTF92UltCru */; settings = {ASSET_TAGS = (); }; };
		1B81DA621BD03E99007EE9AF /* KnockHTF93UltHev in Resources */ = {isa = PBXBuildFile; fileRef = 1B81DA221BD03E99007EE9AF /* KnockHTF93UltHev */; settings = {ASSET_TAGS = (); }; };
		1B81DA631BD03E99007EE9AF /* KnockHTF94UltSum in Resources */ = {isa = PBXBuildFile; fileRef = 1B81DA231BD03E99007EE9AF /* KnockHTF94UltSum */; settings = {ASSET_TAGS = (); }; };
		1B81DA641BD03E99007EE9AF /* Knockout-HTF26-JuniorFlyweight in Resources */ = {isa = PBXBuildFile; fileRef = 1B81DA241BD03E99007EE9AF /* Knockout-HTF26-JuniorFlyweight */; settings = {ASSET_TAGS = (); }; };
		1B81DA651BD03E99007EE9AF /* Knockout-HTF27-JuniorBantamwt in Resources */ = {isa = PBXBuildFile; fileRef = 1B81DA251BD03E99007EE9AF /* Knockout-HTF27-JuniorBantamwt */; settings = {ASSET_TAGS = (); }; };
		1B81DA661BD03E99007EE9AF /* Knockout-HTF28-JuniorFeatherwt in Resources */ = {isa = PBXBuildFile; fileRef = 1B81DA261BD03E99007EE9AF /* Knockout-HTF28-JuniorFeatherwt */; settings = {ASSET_TAGS = (); }; };
		1B81DA671BD03E99007EE9AF /* Knockout-HTF29-JuniorLiteweight in Resources */ = {isa = PBXBuildFile; fileRef = 1B81DA271BD03E99007EE9AF /* Knockout-HTF29-JuniorLiteweight */; settings = {ASSET_TAGS = (); }; };
		1B81DA681BD03E99007EE9AF /* Knockout-HTF30-JuniorWelterwt in Resources */ = {isa = PBXBuildFile; fileRef = 1B81DA281BD03E99007EE9AF /* Knockout-HTF30-JuniorWelterwt */; settings = {ASSET_TAGS = (); }; };
		1B81DA691BD03E99007EE9AF /* Knockout-HTF31-JuniorMiddlewt in Resources */ = {isa = PBXBuildFile; fileRef = 1B81DA291BD03E99007EE9AF /* Knockout-HTF31-JuniorMiddlewt */; settings = {ASSET_TAGS = (); }; };
		1B81DA6A1BD03E99007EE9AF /* Knockout-HTF32-JuniorCruiserwt in Resources */ = {isa = PBXBuildFile; fileRef = 1B81DA2A1BD03E99007EE9AF /* Knockout-HTF32-JuniorCruiserwt */; settings = {ASSET_TAGS = (); }; };
		1B81DA6B1BD03E99007EE9AF /* Knockout-HTF33-JuniorHeviwt in Resources */ = {isa = PBXBuildFile; fileRef = 1B81DA2B1BD03E99007EE9AF /* Knockout-HTF33-JuniorHeviwt */; settings = {ASSET_TAGS = (); }; };
		1B81DA6C1BD03E99007EE9AF /* Knockout-HTF34-JuniorSumo in Resources */ = {isa = PBXBuildFile; fileRef = 1B81DA2C1BD03E99007EE9AF /* Knockout-HTF34-JuniorSumo */; settings = {ASSET_TAGS = (); }; };
		1B81DA6D1BD03E99007EE9AF /* Knockout-HTF46-Flyweight in Resources */ = {isa = PBXBuildFile; fileRef = 1B81DA2D1BD03E99007EE9AF /* Knockout-HTF46-Flyweight */; settings = {ASSET_TAGS = (); }; };
		1B81DA6E1BD03E99007EE9AF /* Knockout-HTF47-Bantamweight in Resources */ = {isa = PBXBuildFile; fileRef = 1B81DA2E1BD03E99007EE9AF /* Knockout-HTF47-Bantamweight */; settings = {ASSET_TAGS = (); }; };
		1B81DA6F1BD03E99007EE9AF /* Knockout-HTF48-Featherweight in Resources */ = {isa = PBXBuildFile; fileRef = 1B81DA2F1BD03E99007EE9AF /* Knockout-HTF48-Featherweight */; settings = {ASSET_TAGS = (); }; };
		1B81DA701BD03E99007EE9AF /* Knockout-HTF49-Liteweight in Resources */ = {isa = PBXBuildFile; fileRef = 1B81DA301BD03E99007EE9AF /* Knockout-HTF49-Liteweight */; settings = {ASSET_TAGS = (); }; };
		1B81DA711BD03E99007EE9AF /* Knockout-HTF50-Welterweight in Resources */ = {isa = PBXBuildFile; fileRef = 1B81DA311BD03E99007EE9AF /* Knockout-HTF50-Welterweight */; settings = {ASSET_TAGS = (); }; };
		1B81DA721BD03E99007EE9AF /* Knockout-HTF51-Middleweight in Resources */ = {isa = PBXBuildFile; fileRef = 1B81DA321BD03E99007EE9AF /* Knockout-HTF51-Middleweight */; settings = {ASSET_TAGS = (); }; };
		1B81DA731BD03E99007EE9AF /* Knockout-HTF52-Cruiserweight in Resources */ = {isa = PBXBuildFile; fileRef = 1B81DA331BD03E99007EE9AF /* Knockout-HTF52-Cruiserweight */; settings = {ASSET_TAGS = (); }; };
		1B81DA741BD03E99007EE9AF /* Knockout-HTF53-Heviweight in Resources */ = {isa = PBXBuildFile; fileRef = 1B81DA341BD03E99007EE9AF /* Knockout-HTF53-Heviweight */; settings = {ASSET_TAGS = (); }; };
		1B81DA751BD03E99007EE9AF /* Knockout-HTF54-Sumo in Resources */ = {isa = PBXBuildFile; fileRef = 1B81DA351BD03E99007EE9AF /* Knockout-HTF54-Sumo */; settings = {ASSET_TAGS = (); }; };
		1B81DA761BD03E99007EE9AF /* Knockout-HTF66-FullFlyweight in Resources */ = {isa = PBXBuildFile; fileRef = 1B81DA361BD03E99007EE9AF /* Knockout-HTF66-FullFlyweight */; settings = {ASSET_TAGS = (); }; };
		1B81DA771BD03E99007EE9AF /* Knockout-HTF67-FullBantamwt in Resources */ = {isa = PBXBuildFile; fileRef = 1B81DA371BD03E99007EE9AF /* Knockout-HTF67-FullBantamwt */; settings = {ASSET_TAGS = (); }; };
		1B81DA781BD03E99007EE9AF /* Knockout-HTF68-FullFeatherwt in Resources */ = {isa = PBXBuildFile; fileRef = 1B81DA381BD03E99007EE9AF /* Knockout-HTF68-FullFeatherwt */; settings = {ASSET_TAGS = (); }; };
		1B81DA791BD03E99007EE9AF /* Knockout-HTF69-FullLiteweight in Resources */ = {isa = PBXBuildFile; fileRef = 1B81DA391BD03E99007EE9AF /* Knockout-HTF69-FullLiteweight */; settings = {ASSET_TAGS = (); }; };
		1B81DA7A1BD03E99007EE9AF /* Knockout-HTF70-FullWelterwt in Resources */ = {isa = PBXBuildFile; fileRef = 1B81DA3A1BD03E99007EE9AF /* Knockout-HTF70-FullWelterwt */; settings = {ASSET_TAGS = (); }; };
		1B81DA7B1BD03E99007EE9AF /* Knockout-HTF71-FullMiddlewt in Resources */ = {isa = PBXBuildFile; fileRef = 1B81DA3B1BD03E99007EE9AF /* Knockout-HTF71-FullMiddlewt */; settings = {ASSET_TAGS = (); }; };
		1B81DA7C1BD03E99007EE9AF /* Knockout-HTF72-FullCruiserwt in Resources */ = {isa = PBXBuildFile; fileRef = 1B81DA3C1BD03E99007EE9AF /* Knockout-HTF72-FullCruiserwt */; settings = {ASSET_TAGS = (); }; };
		1B81DA7D1BD03E99007EE9AF /* Knockout-HTF73-FullHeviweight in Resources */ = {isa = PBXBuildFile; fileRef = 1B81DA3D1BD03E99007EE9AF /* Knockout-HTF73-FullHeviweight */; settings = {ASSET_TAGS = (); }; };
		1B81DA7E1BD03E99007EE9AF /* Knockout-HTF74-FullSumo in Resources */ = {isa = PBXBuildFile; fileRef = 1B81DA3E1BD03E99007EE9AF /* Knockout-HTF74-FullSumo */; settings = {ASSET_TAGS = (); }; };
		1B81DA7F1BD03E99007EE9AF /* Knockout-HTF90-UltmtWelterwt in Resources */ = {isa = PBXBuildFile; fileRef = 1B81DA3F1BD03E99007EE9AF /* Knockout-HTF90-UltmtWelterwt */; settings = {ASSET_TAGS = (); }; };
		1B81DA801BD03E99007EE9AF /* Knockout-HTF91-UltmtMiddlewt in Resources */ = {isa = PBXBuildFile; fileRef = 1B81DA401BD03E99007EE9AF /* Knockout-HTF91-UltmtMiddlewt */; settings = {ASSET_TAGS = (); }; };
		1B81DA811BD03E99007EE9AF /* Knockout-HTF92-UltmtCruiserwt in Resources */ = {isa = PBXBuildFile; fileRef = 1B81DA411BD03E99007EE9AF /* Knockout-HTF92-UltmtCruiserwt */; settings = {ASSET_TAGS = (); }; };
		1B81DA821BD03E99007EE9AF /* Knockout-HTF93-UltmtHeviwt in Resources */ = {isa = PBXBuildFile; fileRef = 1B81DA421BD03E99007EE9AF /* Knockout-HTF93-UltmtHeviwt */; settings = {ASSET_TAGS = (); }; };
		1B81DA831BD03E99007EE9AF /* Knockout-HTF94-UltmtSumo in Resources */ = {isa = PBXBuildFile; fileRef = 1B81DA431BD03E99007EE9AF /* Knockout-HTF94-UltmtSumo */; settings = {ASSET_TAGS = (); }; };
		1B81DA871BD04382007EE9AF /* DDFontUtility.swift in Sources */ = {isa = PBXBuildFile; fileRef = 1B81DA861BD04382007EE9AF /* DDFontUtility.swift */; settings = {ASSET_TAGS = (); }; };
		92398F98603606CDFCEF40CB /* Pods_PushIt.framework in Frameworks */ = {isa = PBXBuildFile; fileRef = 698CB991CDDC414EE9D825E9 /* Pods_PushIt.framework */; };
		DF2F569C1BB59F790016237F /* AppDelegate.swift in Sources */ = {isa = PBXBuildFile; fileRef = DF2F569B1BB59F790016237F /* AppDelegate.swift */; };
		DF2F56A31BB59F790016237F /* Assets.xcassets in Resources */ = {isa = PBXBuildFile; fileRef = DF2F56A21BB59F790016237F /* Assets.xcassets */; };
		DF2F56A61BB59F790016237F /* LaunchScreen.storyboard in Resources */ = {isa = PBXBuildFile; fileRef = DF2F56A41BB59F790016237F /* LaunchScreen.storyboard */; };
		DF2F56B11BB59F790016237F /* PushItTests.swift in Sources */ = {isa = PBXBuildFile; fileRef = DF2F56B01BB59F790016237F /* PushItTests.swift */; };
		DF2F56BC1BB59F790016237F /* PushItUITests.swift in Sources */ = {isa = PBXBuildFile; fileRef = DF2F56BB1BB59F790016237F /* PushItUITests.swift */; };
		DF2F56C11BB59F790016237F /* PushIt WatchKit App.app in Embed Watch Content */ = {isa = PBXBuildFile; fileRef = DF2F56C01BB59F790016237F /* PushIt WatchKit App.app */; };
		DF2F56C71BB59F790016237F /* Interface.storyboard in Resources */ = {isa = PBXBuildFile; fileRef = DF2F56C51BB59F790016237F /* Interface.storyboard */; };
		DF2F56C91BB59F790016237F /* Assets.xcassets in Resources */ = {isa = PBXBuildFile; fileRef = DF2F56C81BB59F790016237F /* Assets.xcassets */; };
		DF2F56D01BB59F790016237F /* PushIt WatchKit Extension.appex in Embed App Extensions */ = {isa = PBXBuildFile; fileRef = DF2F56CF1BB59F790016237F /* PushIt WatchKit Extension.appex */; settings = {ATTRIBUTES = (RemoveHeadersOnCopy, ); }; };
		DF2F56D71BB59F790016237F /* InterfaceController.swift in Sources */ = {isa = PBXBuildFile; fileRef = DF2F56D61BB59F790016237F /* InterfaceController.swift */; };
		DF2F56D91BB59F790016237F /* ExtensionDelegate.swift in Sources */ = {isa = PBXBuildFile; fileRef = DF2F56D81BB59F790016237F /* ExtensionDelegate.swift */; };
		DF2F56DD1BB59F790016237F /* GlanceController.swift in Sources */ = {isa = PBXBuildFile; fileRef = DF2F56DC1BB59F790016237F /* GlanceController.swift */; };
		DF2F56DF1BB59F790016237F /* ComplicationController.swift in Sources */ = {isa = PBXBuildFile; fileRef = DF2F56DE1BB59F790016237F /* ComplicationController.swift */; };
		DF2F56E11BB59F790016237F /* Assets.xcassets in Resources */ = {isa = PBXBuildFile; fileRef = DF2F56E01BB59F790016237F /* Assets.xcassets */; };
		DF2F56FA1BB5C3AF0016237F /* DDPChallenge.swift in Sources */ = {isa = PBXBuildFile; fileRef = DF2F56F91BB5C3AF0016237F /* DDPChallenge.swift */; };
		DF2F56FC1BB5C5250016237F /* DDPWeek.swift in Sources */ = {isa = PBXBuildFile; fileRef = DF2F56FB1BB5C5250016237F /* DDPWeek.swift */; };
		DF2F56FE1BB5C58B0016237F /* DDPDay.swift in Sources */ = {isa = PBXBuildFile; fileRef = DF2F56FD1BB5C58B0016237F /* DDPDay.swift */; };
/* End PBXBuildFile section */

/* Begin PBXContainerItemProxy section */
		DF2F56AD1BB59F790016237F /* PBXContainerItemProxy */ = {
			isa = PBXContainerItemProxy;
			containerPortal = DF2F56901BB59F790016237F /* Project object */;
			proxyType = 1;
			remoteGlobalIDString = DF2F56971BB59F790016237F;
			remoteInfo = PushIt;
		};
		DF2F56B81BB59F790016237F /* PBXContainerItemProxy */ = {
			isa = PBXContainerItemProxy;
			containerPortal = DF2F56901BB59F790016237F /* Project object */;
			proxyType = 1;
			remoteGlobalIDString = DF2F56971BB59F790016237F;
			remoteInfo = PushIt;
		};
		DF2F56C21BB59F790016237F /* PBXContainerItemProxy */ = {
			isa = PBXContainerItemProxy;
			containerPortal = DF2F56901BB59F790016237F /* Project object */;
			proxyType = 1;
			remoteGlobalIDString = DF2F56BF1BB59F790016237F;
			remoteInfo = "PushIt WatchKit App";
		};
		DF2F56D11BB59F790016237F /* PBXContainerItemProxy */ = {
			isa = PBXContainerItemProxy;
			containerPortal = DF2F56901BB59F790016237F /* Project object */;
			proxyType = 1;
			remoteGlobalIDString = DF2F56CE1BB59F790016237F;
			remoteInfo = "PushIt WatchKit Extension";
		};
/* End PBXContainerItemProxy section */

/* Begin PBXCopyFilesBuildPhase section */
		DF2F56E81BB59F790016237F /* Embed App Extensions */ = {
			isa = PBXCopyFilesBuildPhase;
			buildActionMask = 2147483647;
			dstPath = "";
			dstSubfolderSpec = 13;
			files = (
				DF2F56D01BB59F790016237F /* PushIt WatchKit Extension.appex in Embed App Extensions */,
			);
			name = "Embed App Extensions";
			runOnlyForDeploymentPostprocessing = 0;
		};
		DF2F56EC1BB59F790016237F /* Embed Watch Content */ = {
			isa = PBXCopyFilesBuildPhase;
			buildActionMask = 2147483647;
			dstPath = "$(CONTENTS_FOLDER_PATH)/Watch";
			dstSubfolderSpec = 16;
			files = (
				DF2F56C11BB59F790016237F /* PushIt WatchKit App.app in Embed Watch Content */,
			);
			name = "Embed Watch Content";
			runOnlyForDeploymentPostprocessing = 0;
		};
/* End PBXCopyFilesBuildPhase section */

/* Begin PBXFileReference section */
		1B5A78881BB5C975001D2BC4 /* DDDateFormatter.swift */ = {isa = PBXFileReference; fileEncoding = 4; lastKnownFileType = sourcecode.swift; name = DDDateFormatter.swift; path = Utilities/DDDateFormatter.swift; sourceTree = "<group>"; };
		1B5A788C1BB5C9BD001D2BC4 /* DDCollectionViewUtility.swift */ = {isa = PBXFileReference; fileEncoding = 4; lastKnownFileType = sourcecode.swift; name = DDCollectionViewUtility.swift; path = Utilities/DDCollectionViewUtility.swift; sourceTree = "<group>"; };
		1B5A788E1BB5C9CF001D2BC4 /* DDViewUtility.swift */ = {isa = PBXFileReference; fileEncoding = 4; lastKnownFileType = sourcecode.swift; name = DDViewUtility.swift; path = Utilities/DDViewUtility.swift; sourceTree = "<group>"; };
		1B5A78901BB5CC36001D2BC4 /* PushUpInputInterfaceController.swift */ = {isa = PBXFileReference; fileEncoding = 4; lastKnownFileType = sourcecode.swift; path = PushUpInputInterfaceController.swift; sourceTree = "<group>"; };
		1B5A78921BB5D0A5001D2BC4 /* PushUpReminderNotification.swift */ = {isa = PBXFileReference; fileEncoding = 4; lastKnownFileType = sourcecode.swift; path = PushUpReminderNotification.swift; sourceTree = "<group>"; };
		1B5A78941BB5D0CB001D2BC4 /* PushUpDetectedNotificationController.swift */ = {isa = PBXFileReference; fileEncoding = 4; lastKnownFileType = sourcecode.swift; path = PushUpDetectedNotificationController.swift; sourceTree = "<group>"; };
		1B5A78961BB5D0DC001D2BC4 /* PushUpDoneNotificationController.swift */ = {isa = PBXFileReference; fileEncoding = 4; lastKnownFileType = sourcecode.swift; path = PushUpDoneNotificationController.swift; sourceTree = "<group>"; };
		1B5A789D1BB5F13B001D2BC4 /* DayStatsInterfaceController.swift */ = {isa = PBXFileReference; fileEncoding = 4; lastKnownFileType = sourcecode.swift; path = DayStatsInterfaceController.swift; sourceTree = "<group>"; };
		1B81DA041BD03E99007EE9AF /* KnockHTF26JunFly */ = {isa = PBXFileReference; fileEncoding = 4; lastKnownFileType = text; path = KnockHTF26JunFly; sourceTree = "<group>"; };
		1B81DA051BD03E99007EE9AF /* KnockHTF27JunBan */ = {isa = PBXFileReference; fileEncoding = 4; lastKnownFileType = text; path = KnockHTF27JunBan; sourceTree = "<group>"; };
		1B81DA061BD03E99007EE9AF /* KnockHTF28JunFea */ = {isa = PBXFileReference; fileEncoding = 4; lastKnownFileType = text; path = KnockHTF28JunFea; sourceTree = "<group>"; };
		1B81DA071BD03E99007EE9AF /* KnockHTF29JunLit */ = {isa = PBXFileReference; fileEncoding = 4; lastKnownFileType = text; path = KnockHTF29JunLit; sourceTree = "<group>"; };
		1B81DA081BD03E99007EE9AF /* KnockHTF30JunWel */ = {isa = PBXFileReference; fileEncoding = 4; lastKnownFileType = text; path = KnockHTF30JunWel; sourceTree = "<group>"; };
		1B81DA091BD03E99007EE9AF /* KnockHTF31JunMid */ = {isa = PBXFileReference; fileEncoding = 4; lastKnownFileType = text; path = KnockHTF31JunMid; sourceTree = "<group>"; };
		1B81DA0A1BD03E99007EE9AF /* KnockHTF32JunCru */ = {isa = PBXFileReference; fileEncoding = 4; lastKnownFileType = text; path = KnockHTF32JunCru; sourceTree = "<group>"; };
		1B81DA0B1BD03E99007EE9AF /* KnockHTF33JunHev */ = {isa = PBXFileReference; fileEncoding = 4; lastKnownFileType = text; path = KnockHTF33JunHev; sourceTree = "<group>"; };
		1B81DA0C1BD03E99007EE9AF /* KnockHTF34JunSum */ = {isa = PBXFileReference; fileEncoding = 4; lastKnownFileType = text; path = KnockHTF34JunSum; sourceTree = "<group>"; };
		1B81DA0D1BD03E99007EE9AF /* KnockHTF46Fly */ = {isa = PBXFileReference; fileEncoding = 4; lastKnownFileType = text; path = KnockHTF46Fly; sourceTree = "<group>"; };
		1B81DA0E1BD03E99007EE9AF /* KnockHTF47Ban */ = {isa = PBXFileReference; fileEncoding = 4; lastKnownFileType = text; path = KnockHTF47Ban; sourceTree = "<group>"; };
		1B81DA0F1BD03E99007EE9AF /* KnockHTF48Fea */ = {isa = PBXFileReference; fileEncoding = 4; lastKnownFileType = text; path = KnockHTF48Fea; sourceTree = "<group>"; };
		1B81DA101BD03E99007EE9AF /* KnockHTF49Lit */ = {isa = PBXFileReference; fileEncoding = 4; lastKnownFileType = text; path = KnockHTF49Lit; sourceTree = "<group>"; };
		1B81DA111BD03E99007EE9AF /* KnockHTF50Wel */ = {isa = PBXFileReference; fileEncoding = 4; lastKnownFileType = text; path = KnockHTF50Wel; sourceTree = "<group>"; };
		1B81DA121BD03E99007EE9AF /* KnockHTF51Mid */ = {isa = PBXFileReference; fileEncoding = 4; lastKnownFileType = text; path = KnockHTF51Mid; sourceTree = "<group>"; };
		1B81DA131BD03E99007EE9AF /* KnockHTF52Cru */ = {isa = PBXFileReference; fileEncoding = 4; lastKnownFileType = text; path = KnockHTF52Cru; sourceTree = "<group>"; };
		1B81DA141BD03E99007EE9AF /* KnockHTF53Hev */ = {isa = PBXFileReference; fileEncoding = 4; lastKnownFileType = text; path = KnockHTF53Hev; sourceTree = "<group>"; };
		1B81DA151BD03E99007EE9AF /* KnockHTF54Sum */ = {isa = PBXFileReference; fileEncoding = 4; lastKnownFileType = text; path = KnockHTF54Sum; sourceTree = "<group>"; };
		1B81DA161BD03E99007EE9AF /* KnockHTF66FulFly */ = {isa = PBXFileReference; fileEncoding = 4; lastKnownFileType = text; path = KnockHTF66FulFly; sourceTree = "<group>"; };
		1B81DA171BD03E99007EE9AF /* KnockHTF67FulBan */ = {isa = PBXFileReference; fileEncoding = 4; lastKnownFileType = text; path = KnockHTF67FulBan; sourceTree = "<group>"; };
		1B81DA181BD03E99007EE9AF /* KnockHTF68FulFea */ = {isa = PBXFileReference; fileEncoding = 4; lastKnownFileType = text; path = KnockHTF68FulFea; sourceTree = "<group>"; };
		1B81DA191BD03E99007EE9AF /* KnockHTF69FulLit */ = {isa = PBXFileReference; fileEncoding = 4; lastKnownFileType = text; path = KnockHTF69FulLit; sourceTree = "<group>"; };
		1B81DA1A1BD03E99007EE9AF /* KnockHTF70FulWel */ = {isa = PBXFileReference; fileEncoding = 4; lastKnownFileType = text; path = KnockHTF70FulWel; sourceTree = "<group>"; };
		1B81DA1B1BD03E99007EE9AF /* KnockHTF71FulMid */ = {isa = PBXFileReference; fileEncoding = 4; lastKnownFileType = text; path = KnockHTF71FulMid; sourceTree = "<group>"; };
		1B81DA1C1BD03E99007EE9AF /* KnockHTF72FulCru */ = {isa = PBXFileReference; fileEncoding = 4; lastKnownFileType = text; path = KnockHTF72FulCru; sourceTree = "<group>"; };
		1B81DA1D1BD03E99007EE9AF /* KnockHTF73FulHev */ = {isa = PBXFileReference; fileEncoding = 4; lastKnownFileType = text; path = KnockHTF73FulHev; sourceTree = "<group>"; };
		1B81DA1E1BD03E99007EE9AF /* KnockHTF74FulSum */ = {isa = PBXFileReference; fileEncoding = 4; lastKnownFileType = text; path = KnockHTF74FulSum; sourceTree = "<group>"; };
		1B81DA1F1BD03E99007EE9AF /* KnockHTF90UltWel */ = {isa = PBXFileReference; fileEncoding = 4; lastKnownFileType = text; path = KnockHTF90UltWel; sourceTree = "<group>"; };
		1B81DA201BD03E99007EE9AF /* KnockHTF91UltMid */ = {isa = PBXFileReference; fileEncoding = 4; lastKnownFileType = text; path = KnockHTF91UltMid; sourceTree = "<group>"; };
		1B81DA211BD03E99007EE9AF /* KnockHTF92UltCru */ = {isa = PBXFileReference; fileEncoding = 4; lastKnownFileType = text; path = KnockHTF92UltCru; sourceTree = "<group>"; };
		1B81DA221BD03E99007EE9AF /* KnockHTF93UltHev */ = {isa = PBXFileReference; fileEncoding = 4; lastKnownFileType = text; path = KnockHTF93UltHev; sourceTree = "<group>"; };
		1B81DA231BD03E99007EE9AF /* KnockHTF94UltSum */ = {isa = PBXFileReference; fileEncoding = 4; lastKnownFileType = text; path = KnockHTF94UltSum; sourceTree = "<group>"; };
		1B81DA241BD03E99007EE9AF /* Knockout-HTF26-JuniorFlyweight */ = {isa = PBXFileReference; fileEncoding = 4; lastKnownFileType = text; path = "Knockout-HTF26-JuniorFlyweight"; sourceTree = "<group>"; };
		1B81DA251BD03E99007EE9AF /* Knockout-HTF27-JuniorBantamwt */ = {isa = PBXFileReference; fileEncoding = 4; lastKnownFileType = text; path = "Knockout-HTF27-JuniorBantamwt"; sourceTree = "<group>"; };
		1B81DA261BD03E99007EE9AF /* Knockout-HTF28-JuniorFeatherwt */ = {isa = PBXFileReference; fileEncoding = 4; lastKnownFileType = text; path = "Knockout-HTF28-JuniorFeatherwt"; sourceTree = "<group>"; };
		1B81DA271BD03E99007EE9AF /* Knockout-HTF29-JuniorLiteweight */ = {isa = PBXFileReference; fileEncoding = 4; lastKnownFileType = text; path = "Knockout-HTF29-JuniorLiteweight"; sourceTree = "<group>"; };
		1B81DA281BD03E99007EE9AF /* Knockout-HTF30-JuniorWelterwt */ = {isa = PBXFileReference; fileEncoding = 4; lastKnownFileType = text; path = "Knockout-HTF30-JuniorWelterwt"; sourceTree = "<group>"; };
		1B81DA291BD03E99007EE9AF /* Knockout-HTF31-JuniorMiddlewt */ = {isa = PBXFileReference; fileEncoding = 4; lastKnownFileType = text; path = "Knockout-HTF31-JuniorMiddlewt"; sourceTree = "<group>"; };
		1B81DA2A1BD03E99007EE9AF /* Knockout-HTF32-JuniorCruiserwt */ = {isa = PBXFileReference; fileEncoding = 4; lastKnownFileType = text; path = "Knockout-HTF32-JuniorCruiserwt"; sourceTree = "<group>"; };
		1B81DA2B1BD03E99007EE9AF /* Knockout-HTF33-JuniorHeviwt */ = {isa = PBXFileReference; fileEncoding = 4; lastKnownFileType = text; path = "Knockout-HTF33-JuniorHeviwt"; sourceTree = "<group>"; };
		1B81DA2C1BD03E99007EE9AF /* Knockout-HTF34-JuniorSumo */ = {isa = PBXFileReference; fileEncoding = 4; lastKnownFileType = text; path = "Knockout-HTF34-JuniorSumo"; sourceTree = "<group>"; };
		1B81DA2D1BD03E99007EE9AF /* Knockout-HTF46-Flyweight */ = {isa = PBXFileReference; fileEncoding = 4; lastKnownFileType = text; path = "Knockout-HTF46-Flyweight"; sourceTree = "<group>"; };
		1B81DA2E1BD03E99007EE9AF /* Knockout-HTF47-Bantamweight */ = {isa = PBXFileReference; fileEncoding = 4; lastKnownFileType = text; path = "Knockout-HTF47-Bantamweight"; sourceTree = "<group>"; };
		1B81DA2F1BD03E99007EE9AF /* Knockout-HTF48-Featherweight */ = {isa = PBXFileReference; fileEncoding = 4; lastKnownFileType = text; path = "Knockout-HTF48-Featherweight"; sourceTree = "<group>"; };
		1B81DA301BD03E99007EE9AF /* Knockout-HTF49-Liteweight */ = {isa = PBXFileReference; fileEncoding = 4; lastKnownFileType = text; path = "Knockout-HTF49-Liteweight"; sourceTree = "<group>"; };
		1B81DA311BD03E99007EE9AF /* Knockout-HTF50-Welterweight */ = {isa = PBXFileReference; fileEncoding = 4; lastKnownFileType = text; path = "Knockout-HTF50-Welterweight"; sourceTree = "<group>"; };
		1B81DA321BD03E99007EE9AF /* Knockout-HTF51-Middleweight */ = {isa = PBXFileReference; fileEncoding = 4; lastKnownFileType = text; path = "Knockout-HTF51-Middleweight"; sourceTree = "<group>"; };
		1B81DA331BD03E99007EE9AF /* Knockout-HTF52-Cruiserweight */ = {isa = PBXFileReference; fileEncoding = 4; lastKnownFileType = text; path = "Knockout-HTF52-Cruiserweight"; sourceTree = "<group>"; };
		1B81DA341BD03E99007EE9AF /* Knockout-HTF53-Heviweight */ = {isa = PBXFileReference; fileEncoding = 4; lastKnownFileType = text; path = "Knockout-HTF53-Heviweight"; sourceTree = "<group>"; };
		1B81DA351BD03E99007EE9AF /* Knockout-HTF54-Sumo */ = {isa = PBXFileReference; fileEncoding = 4; lastKnownFileType = text; path = "Knockout-HTF54-Sumo"; sourceTree = "<group>"; };
		1B81DA361BD03E99007EE9AF /* Knockout-HTF66-FullFlyweight */ = {isa = PBXFileReference; fileEncoding = 4; lastKnownFileType = text; path = "Knockout-HTF66-FullFlyweight"; sourceTree = "<group>"; };
		1B81DA371BD03E99007EE9AF /* Knockout-HTF67-FullBantamwt */ = {isa = PBXFileReference; fileEncoding = 4; lastKnownFileType = text; path = "Knockout-HTF67-FullBantamwt"; sourceTree = "<group>"; };
		1B81DA381BD03E99007EE9AF /* Knockout-HTF68-FullFeatherwt */ = {isa = PBXFileReference; fileEncoding = 4; lastKnownFileType = text; path = "Knockout-HTF68-FullFeatherwt"; sourceTree = "<group>"; };
		1B81DA391BD03E99007EE9AF /* Knockout-HTF69-FullLiteweight */ = {isa = PBXFileReference; fileEncoding = 4; lastKnownFileType = text; path = "Knockout-HTF69-FullLiteweight"; sourceTree = "<group>"; };
		1B81DA3A1BD03E99007EE9AF /* Knockout-HTF70-FullWelterwt */ = {isa = PBXFileReference; fileEncoding = 4; lastKnownFileType = text; path = "Knockout-HTF70-FullWelterwt"; sourceTree = "<group>"; };
		1B81DA3B1BD03E99007EE9AF /* Knockout-HTF71-FullMiddlewt */ = {isa = PBXFileReference; fileEncoding = 4; lastKnownFileType = text; path = "Knockout-HTF71-FullMiddlewt"; sourceTree = "<group>"; };
		1B81DA3C1BD03E99007EE9AF /* Knockout-HTF72-FullCruiserwt */ = {isa = PBXFileReference; fileEncoding = 4; lastKnownFileType = text; path = "Knockout-HTF72-FullCruiserwt"; sourceTree = "<group>"; };
		1B81DA3D1BD03E99007EE9AF /* Knockout-HTF73-FullHeviweight */ = {isa = PBXFileReference; fileEncoding = 4; lastKnownFileType = text; path = "Knockout-HTF73-FullHeviweight"; sourceTree = "<group>"; };
		1B81DA3E1BD03E99007EE9AF /* Knockout-HTF74-FullSumo */ = {isa = PBXFileReference; fileEncoding = 4; lastKnownFileType = text; path = "Knockout-HTF74-FullSumo"; sourceTree = "<group>"; };
		1B81DA3F1BD03E99007EE9AF /* Knockout-HTF90-UltmtWelterwt */ = {isa = PBXFileReference; fileEncoding = 4; lastKnownFileType = text; path = "Knockout-HTF90-UltmtWelterwt"; sourceTree = "<group>"; };
		1B81DA401BD03E99007EE9AF /* Knockout-HTF91-UltmtMiddlewt */ = {isa = PBXFileReference; fileEncoding = 4; lastKnownFileType = text; path = "Knockout-HTF91-UltmtMiddlewt"; sourceTree = "<group>"; };
		1B81DA411BD03E99007EE9AF /* Knockout-HTF92-UltmtCruiserwt */ = {isa = PBXFileReference; fileEncoding = 4; lastKnownFileType = text; path = "Knockout-HTF92-UltmtCruiserwt"; sourceTree = "<group>"; };
		1B81DA421BD03E99007EE9AF /* Knockout-HTF93-UltmtHeviwt */ = {isa = PBXFileReference; fileEncoding = 4; lastKnownFileType = text; path = "Knockout-HTF93-UltmtHeviwt"; sourceTree = "<group>"; };
		1B81DA431BD03E99007EE9AF /* Knockout-HTF94-UltmtSumo */ = {isa = PBXFileReference; fileEncoding = 4; lastKnownFileType = text; path = "Knockout-HTF94-UltmtSumo"; sourceTree = "<group>"; };
		1B81DA861BD04382007EE9AF /* DDFontUtility.swift */ = {isa = PBXFileReference; fileEncoding = 4; lastKnownFileType = sourcecode.swift; name = DDFontUtility.swift; path = Utilities/DDFontUtility.swift; sourceTree = "<group>"; };
		698CB991CDDC414EE9D825E9 /* Pods_PushIt.framework */ = {isa = PBXFileReference; explicitFileType = wrapper.framework; includeInIndex = 0; path = Pods_PushIt.framework; sourceTree = BUILT_PRODUCTS_DIR; };
		DF2F56981BB59F790016237F /* PushIt.app */ = {isa = PBXFileReference; explicitFileType = wrapper.application; includeInIndex = 0; path = PushIt.app; sourceTree = BUILT_PRODUCTS_DIR; };
		DF2F569B1BB59F790016237F /* AppDelegate.swift */ = {isa = PBXFileReference; lastKnownFileType = sourcecode.swift; path = AppDelegate.swift; sourceTree = "<group>"; };
		DF2F56A21BB59F790016237F /* Assets.xcassets */ = {isa = PBXFileReference; lastKnownFileType = folder.assetcatalog; path = Assets.xcassets; sourceTree = "<group>"; };
		DF2F56A51BB59F790016237F /* Base */ = {isa = PBXFileReference; lastKnownFileType = file.storyboard; name = Base; path = Base.lproj/LaunchScreen.storyboard; sourceTree = "<group>"; };
		DF2F56A71BB59F790016237F /* Info.plist */ = {isa = PBXFileReference; lastKnownFileType = text.plist.xml; path = Info.plist; sourceTree = "<group>"; };
		DF2F56AC1BB59F790016237F /* PushItTests.xctest */ = {isa = PBXFileReference; explicitFileType = wrapper.cfbundle; includeInIndex = 0; path = PushItTests.xctest; sourceTree = BUILT_PRODUCTS_DIR; };
		DF2F56B01BB59F790016237F /* PushItTests.swift */ = {isa = PBXFileReference; lastKnownFileType = sourcecode.swift; path = PushItTests.swift; sourceTree = "<group>"; };
		DF2F56B21BB59F790016237F /* Info.plist */ = {isa = PBXFileReference; lastKnownFileType = text.plist.xml; path = Info.plist; sourceTree = "<group>"; };
		DF2F56B71BB59F790016237F /* PushItUITests.xctest */ = {isa = PBXFileReference; explicitFileType = wrapper.cfbundle; includeInIndex = 0; path = PushItUITests.xctest; sourceTree = BUILT_PRODUCTS_DIR; };
		DF2F56BB1BB59F790016237F /* PushItUITests.swift */ = {isa = PBXFileReference; lastKnownFileType = sourcecode.swift; path = PushItUITests.swift; sourceTree = "<group>"; };
		DF2F56BD1BB59F790016237F /* Info.plist */ = {isa = PBXFileReference; lastKnownFileType = text.plist.xml; path = Info.plist; sourceTree = "<group>"; };
		DF2F56C01BB59F790016237F /* PushIt WatchKit App.app */ = {isa = PBXFileReference; explicitFileType = wrapper.application; includeInIndex = 0; path = "PushIt WatchKit App.app"; sourceTree = BUILT_PRODUCTS_DIR; };
		DF2F56C61BB59F790016237F /* Base */ = {isa = PBXFileReference; lastKnownFileType = file.storyboard; name = Base; path = Base.lproj/Interface.storyboard; sourceTree = "<group>"; };
		DF2F56C81BB59F790016237F /* Assets.xcassets */ = {isa = PBXFileReference; lastKnownFileType = folder.assetcatalog; path = Assets.xcassets; sourceTree = "<group>"; };
		DF2F56CA1BB59F790016237F /* Info.plist */ = {isa = PBXFileReference; lastKnownFileType = text.plist.xml; path = Info.plist; sourceTree = "<group>"; };
		DF2F56CF1BB59F790016237F /* PushIt WatchKit Extension.appex */ = {isa = PBXFileReference; explicitFileType = "wrapper.app-extension"; includeInIndex = 0; path = "PushIt WatchKit Extension.appex"; sourceTree = BUILT_PRODUCTS_DIR; };
		DF2F56D51BB59F790016237F /* PushNotificationPayload.apns */ = {isa = PBXFileReference; lastKnownFileType = text; path = PushNotificationPayload.apns; sourceTree = "<group>"; };
		DF2F56D61BB59F790016237F /* InterfaceController.swift */ = {isa = PBXFileReference; lastKnownFileType = sourcecode.swift; path = InterfaceController.swift; sourceTree = "<group>"; };
		DF2F56D81BB59F790016237F /* ExtensionDelegate.swift */ = {isa = PBXFileReference; lastKnownFileType = sourcecode.swift; path = ExtensionDelegate.swift; sourceTree = "<group>"; };
		DF2F56DC1BB59F790016237F /* GlanceController.swift */ = {isa = PBXFileReference; lastKnownFileType = sourcecode.swift; path = GlanceController.swift; sourceTree = "<group>"; };
		DF2F56DE1BB59F790016237F /* ComplicationController.swift */ = {isa = PBXFileReference; lastKnownFileType = sourcecode.swift; path = ComplicationController.swift; sourceTree = "<group>"; };
		DF2F56E01BB59F790016237F /* Assets.xcassets */ = {isa = PBXFileReference; lastKnownFileType = folder.assetcatalog; path = Assets.xcassets; sourceTree = "<group>"; };
		DF2F56E21BB59F790016237F /* Info.plist */ = {isa = PBXFileReference; lastKnownFileType = text.plist.xml; path = Info.plist; sourceTree = "<group>"; };
		DF2F56F91BB5C3AF0016237F /* DDPChallenge.swift */ = {isa = PBXFileReference; fileEncoding = 4; lastKnownFileType = sourcecode.swift; name = DDPChallenge.swift; path = Model/DDPChallenge.swift; sourceTree = "<group>"; };
		DF2F56FB1BB5C5250016237F /* DDPWeek.swift */ = {isa = PBXFileReference; fileEncoding = 4; lastKnownFileType = sourcecode.swift; name = DDPWeek.swift; path = Model/DDPWeek.swift; sourceTree = "<group>"; };
		DF2F56FD1BB5C58B0016237F /* DDPDay.swift */ = {isa = PBXFileReference; fileEncoding = 4; lastKnownFileType = sourcecode.swift; name = DDPDay.swift; path = Model/DDPDay.swift; sourceTree = "<group>"; };
/* End PBXFileReference section */

/* Begin PBXFrameworksBuildPhase section */
		DF2F56951BB59F790016237F /* Frameworks */ = {
			isa = PBXFrameworksBuildPhase;
			buildActionMask = 2147483647;
			files = (
				92398F98603606CDFCEF40CB /* Pods_PushIt.framework in Frameworks */,
			);
			runOnlyForDeploymentPostprocessing = 0;
		};
		DF2F56A91BB59F790016237F /* Frameworks */ = {
			isa = PBXFrameworksBuildPhase;
			buildActionMask = 2147483647;
			files = (
			);
			runOnlyForDeploymentPostprocessing = 0;
		};
		DF2F56B41BB59F790016237F /* Frameworks */ = {
			isa = PBXFrameworksBuildPhase;
			buildActionMask = 2147483647;
			files = (
			);
			runOnlyForDeploymentPostprocessing = 0;
		};
		DF2F56CC1BB59F790016237F /* Frameworks */ = {
			isa = PBXFrameworksBuildPhase;
			buildActionMask = 2147483647;
			files = (
			);
			runOnlyForDeploymentPostprocessing = 0;
		};
/* End PBXFrameworksBuildPhase section */

/* Begin PBXGroup section */
		1B5A78871BB5C88B001D2BC4 /* Utilities */ = {
			isa = PBXGroup;
			children = (
				1B81DA861BD04382007EE9AF /* DDFontUtility.swift */,
				1B81DA031BD03E99007EE9AF /* Fonts */,
				1B5A788E1BB5C9CF001D2BC4 /* DDViewUtility.swift */,
				1B5A78881BB5C975001D2BC4 /* DDDateFormatter.swift */,
				1B5A788C1BB5C9BD001D2BC4 /* DDCollectionViewUtility.swift */,
			);
			name = Utilities;
			sourceTree = "<group>";
		};
		1B5A78981BB5D0E2001D2BC4 /* NotificaitonsControllers */ = {
			isa = PBXGroup;
			children = (
				1B5A78921BB5D0A5001D2BC4 /* PushUpReminderNotification.swift */,
				1B5A78941BB5D0CB001D2BC4 /* PushUpDetectedNotificationController.swift */,
				1B5A78961BB5D0DC001D2BC4 /* PushUpDoneNotificationController.swift */,
			);
			name = NotificaitonsControllers;
			sourceTree = "<group>";
		};
		1B5A789C1BB5E79A001D2BC4 /* NoChallengeInProgress */ = {
			isa = PBXGroup;
			children = (
			);
			name = NoChallengeInProgress;
			sourceTree = "<group>";
		};
		1B81DA011BD03E2A007EE9AF /* Supporting Files */ = {
			isa = PBXGroup;
			children = (
				DF2F569B1BB59F790016237F /* AppDelegate.swift */,
				DF2F56A41BB59F790016237F /* LaunchScreen.storyboard */,
				DF2F56A71BB59F790016237F /* Info.plist */,
			);
			name = "Supporting Files";
			sourceTree = "<group>";
		};
		1B81DA021BD03E61007EE9AF /* Interface */ = {
			isa = PBXGroup;
			children = (
			);
			path = Interface;
			sourceTree = "<group>";
		};
		1B81DA031BD03E99007EE9AF /* Fonts */ = {
			isa = PBXGroup;
			children = (
				1B81DA041BD03E99007EE9AF /* KnockHTF26JunFly */,
				1B81DA051BD03E99007EE9AF /* KnockHTF27JunBan */,
				1B81DA061BD03E99007EE9AF /* KnockHTF28JunFea */,
				1B81DA071BD03E99007EE9AF /* KnockHTF29JunLit */,
				1B81DA081BD03E99007EE9AF /* KnockHTF30JunWel */,
				1B81DA091BD03E99007EE9AF /* KnockHTF31JunMid */,
				1B81DA0A1BD03E99007EE9AF /* KnockHTF32JunCru */,
				1B81DA0B1BD03E99007EE9AF /* KnockHTF33JunHev */,
				1B81DA0C1BD03E99007EE9AF /* KnockHTF34JunSum */,
				1B81DA0D1BD03E99007EE9AF /* KnockHTF46Fly */,
				1B81DA0E1BD03E99007EE9AF /* KnockHTF47Ban */,
				1B81DA0F1BD03E99007EE9AF /* KnockHTF48Fea */,
				1B81DA101BD03E99007EE9AF /* KnockHTF49Lit */,
				1B81DA111BD03E99007EE9AF /* KnockHTF50Wel */,
				1B81DA121BD03E99007EE9AF /* KnockHTF51Mid */,
				1B81DA131BD03E99007EE9AF /* KnockHTF52Cru */,
				1B81DA141BD03E99007EE9AF /* KnockHTF53Hev */,
				1B81DA151BD03E99007EE9AF /* KnockHTF54Sum */,
				1B81DA161BD03E99007EE9AF /* KnockHTF66FulFly */,
				1B81DA171BD03E99007EE9AF /* KnockHTF67FulBan */,
				1B81DA181BD03E99007EE9AF /* KnockHTF68FulFea */,
				1B81DA191BD03E99007EE9AF /* KnockHTF69FulLit */,
				1B81DA1A1BD03E99007EE9AF /* KnockHTF70FulWel */,
				1B81DA1B1BD03E99007EE9AF /* KnockHTF71FulMid */,
				1B81DA1C1BD03E99007EE9AF /* KnockHTF72FulCru */,
				1B81DA1D1BD03E99007EE9AF /* KnockHTF73FulHev */,
				1B81DA1E1BD03E99007EE9AF /* KnockHTF74FulSum */,
				1B81DA1F1BD03E99007EE9AF /* KnockHTF90UltWel */,
				1B81DA201BD03E99007EE9AF /* KnockHTF91UltMid */,
				1B81DA211BD03E99007EE9AF /* KnockHTF92UltCru */,
				1B81DA221BD03E99007EE9AF /* KnockHTF93UltHev */,
				1B81DA231BD03E99007EE9AF /* KnockHTF94UltSum */,
				1B81DA241BD03E99007EE9AF /* Knockout-HTF26-JuniorFlyweight */,
				1B81DA251BD03E99007EE9AF /* Knockout-HTF27-JuniorBantamwt */,
				1B81DA261BD03E99007EE9AF /* Knockout-HTF28-JuniorFeatherwt */,
				1B81DA271BD03E99007EE9AF /* Knockout-HTF29-JuniorLiteweight */,
				1B81DA281BD03E99007EE9AF /* Knockout-HTF30-JuniorWelterwt */,
				1B81DA291BD03E99007EE9AF /* Knockout-HTF31-JuniorMiddlewt */,
				1B81DA2A1BD03E99007EE9AF /* Knockout-HTF32-JuniorCruiserwt */,
				1B81DA2B1BD03E99007EE9AF /* Knockout-HTF33-JuniorHeviwt */,
				1B81DA2C1BD03E99007EE9AF /* Knockout-HTF34-JuniorSumo */,
				1B81DA2D1BD03E99007EE9AF /* Knockout-HTF46-Flyweight */,
				1B81DA2E1BD03E99007EE9AF /* Knockout-HTF47-Bantamweight */,
				1B81DA2F1BD03E99007EE9AF /* Knockout-HTF48-Featherweight */,
				1B81DA301BD03E99007EE9AF /* Knockout-HTF49-Liteweight */,
				1B81DA311BD03E99007EE9AF /* Knockout-HTF50-Welterweight */,
				1B81DA321BD03E99007EE9AF /* Knockout-HTF51-Middleweight */,
				1B81DA331BD03E99007EE9AF /* Knockout-HTF52-Cruiserweight */,
				1B81DA341BD03E99007EE9AF /* Knockout-HTF53-Heviweight */,
				1B81DA351BD03E99007EE9AF /* Knockout-HTF54-Sumo */,
				1B81DA361BD03E99007EE9AF /* Knockout-HTF66-FullFlyweight */,
				1B81DA371BD03E99007EE9AF /* Knockout-HTF67-FullBantamwt */,
				1B81DA381BD03E99007EE9AF /* Knockout-HTF68-FullFeatherwt */,
				1B81DA391BD03E99007EE9AF /* Knockout-HTF69-FullLiteweight */,
				1B81DA3A1BD03E99007EE9AF /* Knockout-HTF70-FullWelterwt */,
				1B81DA3B1BD03E99007EE9AF /* Knockout-HTF71-FullMiddlewt */,
				1B81DA3C1BD03E99007EE9AF /* Knockout-HTF72-FullCruiserwt */,
				1B81DA3D1BD03E99007EE9AF /* Knockout-HTF73-FullHeviweight */,
				1B81DA3E1BD03E99007EE9AF /* Knockout-HTF74-FullSumo */,
				1B81DA3F1BD03E99007EE9AF /* Knockout-HTF90-UltmtWelterwt */,
				1B81DA401BD03E99007EE9AF /* Knockout-HTF91-UltmtMiddlewt */,
				1B81DA411BD03E99007EE9AF /* Knockout-HTF92-UltmtCruiserwt */,
				1B81DA421BD03E99007EE9AF /* Knockout-HTF93-UltmtHeviwt */,
				1B81DA431BD03E99007EE9AF /* Knockout-HTF94-UltmtSumo */,
			);
			name = Fonts;
			path = Utilities/Fonts;
			sourceTree = "<group>";
		};
		DB361BBF2567C2AC301B037C /* Frameworks */ = {
			isa = PBXGroup;
			children = (
				698CB991CDDC414EE9D825E9 /* Pods_PushIt.framework */,
			);
			name = Frameworks;
			sourceTree = "<group>";
		};
		DF2F568F1BB59F790016237F = {
			isa = PBXGroup;
			children = (
				DF2F569A1BB59F790016237F /* PushIt */,
				DF2F56AF1BB59F790016237F /* PushItTests */,
				DF2F56BA1BB59F790016237F /* PushItUITests */,
				DF2F56C41BB59F790016237F /* PushIt WatchKit App */,
				DF2F56D31BB59F790016237F /* PushIt WatchKit Extension */,
				DF2F56991BB59F790016237F /* Products */,
				DB361BBF2567C2AC301B037C /* Frameworks */,
			);
			sourceTree = "<group>";
		};
		DF2F56991BB59F790016237F /* Products */ = {
			isa = PBXGroup;
			children = (
				DF2F56981BB59F790016237F /* PushIt.app */,
				DF2F56AC1BB59F790016237F /* PushItTests.xctest */,
				DF2F56B71BB59F790016237F /* PushItUITests.xctest */,
				DF2F56C01BB59F790016237F /* PushIt WatchKit App.app */,
				DF2F56CF1BB59F790016237F /* PushIt WatchKit Extension.appex */,
			);
			name = Products;
			sourceTree = "<group>";
		};
		DF2F569A1BB59F790016237F /* PushIt */ = {
			isa = PBXGroup;
			children = (
				1B81DA021BD03E61007EE9AF /* Interface */,
				1B5A78871BB5C88B001D2BC4 /* Utilities */,
				DF2F56F61BB5C3220016237F /* Model */,
				1B81DA011BD03E2A007EE9AF /* Supporting Files */,
				DF2F56A21BB59F790016237F /* Assets.xcassets */,
			);
			path = PushIt;
			sourceTree = "<group>";
		};
		DF2F56AF1BB59F790016237F /* PushItTests */ = {
			isa = PBXGroup;
			children = (
				DF2F56B01BB59F790016237F /* PushItTests.swift */,
				DF2F56B21BB59F790016237F /* Info.plist */,
			);
			path = PushItTests;
			sourceTree = "<group>";
		};
		DF2F56BA1BB59F790016237F /* PushItUITests */ = {
			isa = PBXGroup;
			children = (
				DF2F56BB1BB59F790016237F /* PushItUITests.swift */,
				DF2F56BD1BB59F790016237F /* Info.plist */,
			);
			path = PushItUITests;
			sourceTree = "<group>";
		};
		DF2F56C41BB59F790016237F /* PushIt WatchKit App */ = {
			isa = PBXGroup;
			children = (
				DF2F56C51BB59F790016237F /* Interface.storyboard */,
				DF2F56C81BB59F790016237F /* Assets.xcassets */,
				DF2F56CA1BB59F790016237F /* Info.plist */,
			);
			path = "PushIt WatchKit App";
			sourceTree = "<group>";
		};
		DF2F56D31BB59F790016237F /* PushIt WatchKit Extension */ = {
			isa = PBXGroup;
			children = (
				1B5A789C1BB5E79A001D2BC4 /* NoChallengeInProgress */,
				DF2F56D61BB59F790016237F /* InterfaceController.swift */,
				1B5A789D1BB5F13B001D2BC4 /* DayStatsInterfaceController.swift */,
				DF2F56D81BB59F790016237F /* ExtensionDelegate.swift */,
				DF2F56DC1BB59F790016237F /* GlanceController.swift */,
				DF2F56DE1BB59F790016237F /* ComplicationController.swift */,
				1B5A78901BB5CC36001D2BC4 /* PushUpInputInterfaceController.swift */,
				1B5A78981BB5D0E2001D2BC4 /* NotificaitonsControllers */,
				DF2F56E01BB59F790016237F /* Assets.xcassets */,
				DF2F56E21BB59F790016237F /* Info.plist */,
				DF2F56D41BB59F790016237F /* Supporting Files */,
			);
			path = "PushIt WatchKit Extension";
			sourceTree = "<group>";
		};
		DF2F56D41BB59F790016237F /* Supporting Files */ = {
			isa = PBXGroup;
			children = (
				DF2F56D51BB59F790016237F /* PushNotificationPayload.apns */,
			);
			name = "Supporting Files";
			sourceTree = "<group>";
		};
		DF2F56F61BB5C3220016237F /* Model */ = {
			isa = PBXGroup;
			children = (
				DF2F56F91BB5C3AF0016237F /* DDPChallenge.swift */,
				DF2F56FB1BB5C5250016237F /* DDPWeek.swift */,
				DF2F56FD1BB5C58B0016237F /* DDPDay.swift */,
			);
			name = Model;
			sourceTree = "<group>";
		};
/* End PBXGroup section */

/* Begin PBXNativeTarget section */
		DF2F56971BB59F790016237F /* PushIt */ = {
			isa = PBXNativeTarget;
			buildConfigurationList = DF2F56ED1BB59F790016237F /* Build configuration list for PBXNativeTarget "PushIt" */;
			buildPhases = (
				F49084C65965940B6EC4E682 /* Check Pods Manifest.lock */,
				DF2F56941BB59F790016237F /* Sources */,
				DF2F56951BB59F790016237F /* Frameworks */,
				DF2F56961BB59F790016237F /* Resources */,
				DF2F56EC1BB59F790016237F /* Embed Watch Content */,
				4F9F3BB5704E0BEC2876E591 /* Copy Pods Resources */,
				BD1E95D730ED8E839B8DA47E /* Embed Pods Frameworks */,
			);
			buildRules = (
			);
			dependencies = (
				DF2F56C31BB59F790016237F /* PBXTargetDependency */,
			);
			name = PushIt;
			productName = PushIt;
			productReference = DF2F56981BB59F790016237F /* PushIt.app */;
			productType = "com.apple.product-type.application";
		};
		DF2F56AB1BB59F790016237F /* PushItTests */ = {
			isa = PBXNativeTarget;
			buildConfigurationList = DF2F56F01BB59F790016237F /* Build configuration list for PBXNativeTarget "PushItTests" */;
			buildPhases = (
				DF2F56A81BB59F790016237F /* Sources */,
				DF2F56A91BB59F790016237F /* Frameworks */,
				DF2F56AA1BB59F790016237F /* Resources */,
			);
			buildRules = (
			);
			dependencies = (
				DF2F56AE1BB59F790016237F /* PBXTargetDependency */,
			);
			name = PushItTests;
			productName = PushItTests;
			productReference = DF2F56AC1BB59F790016237F /* PushItTests.xctest */;
			productType = "com.apple.product-type.bundle.unit-test";
		};
		DF2F56B61BB59F790016237F /* PushItUITests */ = {
			isa = PBXNativeTarget;
			buildConfigurationList = DF2F56F31BB59F790016237F /* Build configuration list for PBXNativeTarget "PushItUITests" */;
			buildPhases = (
				DF2F56B31BB59F790016237F /* Sources */,
				DF2F56B41BB59F790016237F /* Frameworks */,
				DF2F56B51BB59F790016237F /* Resources */,
			);
			buildRules = (
			);
			dependencies = (
				DF2F56B91BB59F790016237F /* PBXTargetDependency */,
			);
			name = PushItUITests;
			productName = PushItUITests;
			productReference = DF2F56B71BB59F790016237F /* PushItUITests.xctest */;
			productType = "com.apple.product-type.bundle.ui-testing";
		};
		DF2F56BF1BB59F790016237F /* PushIt WatchKit App */ = {
			isa = PBXNativeTarget;
			buildConfigurationList = DF2F56E91BB59F790016237F /* Build configuration list for PBXNativeTarget "PushIt WatchKit App" */;
			buildPhases = (
				DF2F56BE1BB59F790016237F /* Resources */,
				DF2F56E81BB59F790016237F /* Embed App Extensions */,
			);
			buildRules = (
			);
			dependencies = (
				DF2F56D21BB59F790016237F /* PBXTargetDependency */,
			);
			name = "PushIt WatchKit App";
			productName = "PushIt WatchKit App";
			productReference = DF2F56C01BB59F790016237F /* PushIt WatchKit App.app */;
			productType = "com.apple.product-type.application.watchapp2";
		};
		DF2F56CE1BB59F790016237F /* PushIt WatchKit Extension */ = {
			isa = PBXNativeTarget;
			buildConfigurationList = DF2F56E51BB59F790016237F /* Build configuration list for PBXNativeTarget "PushIt WatchKit Extension" */;
			buildPhases = (
				DF2F56CB1BB59F790016237F /* Sources */,
				DF2F56CC1BB59F790016237F /* Frameworks */,
				DF2F56CD1BB59F790016237F /* Resources */,
			);
			buildRules = (
			);
			dependencies = (
			);
			name = "PushIt WatchKit Extension";
			productName = "PushIt WatchKit Extension";
			productReference = DF2F56CF1BB59F790016237F /* PushIt WatchKit Extension.appex */;
			productType = "com.apple.product-type.watchkit2-extension";
		};
/* End PBXNativeTarget section */

/* Begin PBXProject section */
		DF2F56901BB59F790016237F /* Project object */ = {
			isa = PBXProject;
			attributes = {
				LastSwiftUpdateCheck = 0710;
				LastUpgradeCheck = 0700;
				ORGANIZATIONNAME = "Mann, Josh (US - Denver)";
				TargetAttributes = {
					DF2F56971BB59F790016237F = {
						CreatedOnToolsVersion = 7.0;
						DevelopmentTeam = 2ESYEZP2FM;
					};
					DF2F56AB1BB59F790016237F = {
						CreatedOnToolsVersion = 7.0;
						TestTargetID = DF2F56971BB59F790016237F;
					};
					DF2F56B61BB59F790016237F = {
						CreatedOnToolsVersion = 7.0;
						TestTargetID = DF2F56971BB59F790016237F;
					};
					DF2F56BF1BB59F790016237F = {
						CreatedOnToolsVersion = 7.0;
					};
					DF2F56CE1BB59F790016237F = {
						CreatedOnToolsVersion = 7.0;
						DevelopmentTeam = 2ESYEZP2FM;
					};
				};
			};
			buildConfigurationList = DF2F56931BB59F790016237F /* Build configuration list for PBXProject "PushIt" */;
			compatibilityVersion = "Xcode 3.2";
			developmentRegion = English;
			hasScannedForEncodings = 0;
			knownRegions = (
				en,
				Base,
			);
			mainGroup = DF2F568F1BB59F790016237F;
			productRefGroup = DF2F56991BB59F790016237F /* Products */;
			projectDirPath = "";
			projectRoot = "";
			targets = (
				DF2F56971BB59F790016237F /* PushIt */,
				DF2F56AB1BB59F790016237F /* PushItTests */,
				DF2F56B61BB59F790016237F /* PushItUITests */,
				DF2F56BF1BB59F790016237F /* PushIt WatchKit App */,
				DF2F56CE1BB59F790016237F /* PushIt WatchKit Extension */,
			);
		};
/* End PBXProject section */

/* Begin PBXResourcesBuildPhase section */
		DF2F56961BB59F790016237F /* Resources */ = {
			isa = PBXResourcesBuildPhase;
			buildActionMask = 2147483647;
			files = (
				1B81DA531BD03E99007EE9AF /* KnockHTF52Cru in Resources */,
				1B81DA7E1BD03E99007EE9AF /* Knockout-HTF74-FullSumo in Resources */,
				DF2F56A61BB59F790016237F /* LaunchScreen.storyboard in Resources */,
				1B81DA4F1BD03E99007EE9AF /* KnockHTF48Fea in Resources */,
				1B81DA801BD03E99007EE9AF /* Knockout-HTF91-UltmtMiddlewt in Resources */,
				1B81DA511BD03E99007EE9AF /* KnockHTF50Wel in Resources */,
				1B81DA5A1BD03E99007EE9AF /* KnockHTF70FulWel in Resources */,
				1B81DA441BD03E99007EE9AF /* KnockHTF26JunFly in Resources */,
				1B81DA601BD03E99007EE9AF /* KnockHTF91UltMid in Resources */,
				1B81DA791BD03E99007EE9AF /* Knockout-HTF69-FullLiteweight in Resources */,
				1B81DA571BD03E99007EE9AF /* KnockHTF67FulBan in Resources */,
				1B81DA831BD03E99007EE9AF /* Knockout-HTF94-UltmtSumo in Resources */,
				1B81DA661BD03E99007EE9AF /* Knockout-HTF28-JuniorFeatherwt in Resources */,
				1B81DA7A1BD03E99007EE9AF /* Knockout-HTF70-FullWelterwt in Resources */,
				1B81DA501BD03E99007EE9AF /* KnockHTF49Lit in Resources */,
				1B81DA651BD03E99007EE9AF /* Knockout-HTF27-JuniorBantamwt in Resources */,
				1B81DA541BD03E99007EE9AF /* KnockHTF53Hev in Resources */,
				1B81DA781BD03E99007EE9AF /* Knockout-HTF68-FullFeatherwt in Resources */,
				1B81DA5B1BD03E99007EE9AF /* KnockHTF71FulMid in Resources */,
				1B81DA721BD03E99007EE9AF /* Knockout-HTF51-Middleweight in Resources */,
				1B81DA6B1BD03E99007EE9AF /* Knockout-HTF33-JuniorHeviwt in Resources */,
				1B81DA7B1BD03E99007EE9AF /* Knockout-HTF71-FullMiddlewt in Resources */,
				DF2F56A31BB59F790016237F /* Assets.xcassets in Resources */,
				1B81DA731BD03E99007EE9AF /* Knockout-HTF52-Cruiserweight in Resources */,
				1B81DA761BD03E99007EE9AF /* Knockout-HTF66-FullFlyweight in Resources */,
				1B81DA491BD03E99007EE9AF /* KnockHTF31JunMid in Resources */,
				1B81DA5D1BD03E99007EE9AF /* KnockHTF73FulHev in Resources */,
				1B81DA7D1BD03E99007EE9AF /* Knockout-HTF73-FullHeviweight in Resources */,
				1B81DA5C1BD03E99007EE9AF /* KnockHTF72FulCru in Resources */,
				1B81DA6E1BD03E99007EE9AF /* Knockout-HTF47-Bantamweight in Resources */,
				1B81DA471BD03E99007EE9AF /* KnockHTF29JunLit in Resources */,
				1B81DA4C1BD03E99007EE9AF /* KnockHTF34JunSum in Resources */,
				1B81DA5E1BD03E99007EE9AF /* KnockHTF74FulSum in Resources */,
				1B81DA611BD03E99007EE9AF /* KnockHTF92UltCru in Resources */,
				1B81DA7C1BD03E99007EE9AF /* Knockout-HTF72-FullCruiserwt in Resources */,
				1B81DA6F1BD03E99007EE9AF /* Knockout-HTF48-Featherweight in Resources */,
				1B81DA681BD03E99007EE9AF /* Knockout-HTF30-JuniorWelterwt in Resources */,
				1B81DA551BD03E99007EE9AF /* KnockHTF54Sum in Resources */,
				1B81DA621BD03E99007EE9AF /* KnockHTF93UltHev in Resources */,
				1B81DA4D1BD03E99007EE9AF /* KnockHTF46Fly in Resources */,
				1B81DA4E1BD03E99007EE9AF /* KnockHTF47Ban in Resources */,
				1B81DA641BD03E99007EE9AF /* Knockout-HTF26-JuniorFlyweight in Resources */,
				1B81DA521BD03E99007EE9AF /* KnockHTF51Mid in Resources */,
				1B81DA451BD03E99007EE9AF /* KnockHTF27JunBan in Resources */,
				1B81DA751BD03E99007EE9AF /* Knockout-HTF54-Sumo in Resources */,
				1B81DA461BD03E99007EE9AF /* KnockHTF28JunFea in Resources */,
				1B81DA771BD03E99007EE9AF /* Knockout-HTF67-FullBantamwt in Resources */,
				1B81DA4A1BD03E99007EE9AF /* KnockHTF32JunCru in Resources */,
				1B81DA6C1BD03E99007EE9AF /* Knockout-HTF34-JuniorSumo in Resources */,
				1B81DA811BD03E99007EE9AF /* Knockout-HTF92-UltmtCruiserwt in Resources */,
				1B81DA701BD03E99007EE9AF /* Knockout-HTF49-Liteweight in Resources */,
				1B81DA631BD03E99007EE9AF /* KnockHTF94UltSum in Resources */,
				1B81DA711BD03E99007EE9AF /* Knockout-HTF50-Welterweight in Resources */,
				1B81DA5F1BD03E99007EE9AF /* KnockHTF90UltWel in Resources */,
				1B81DA821BD03E99007EE9AF /* Knockout-HTF93-UltmtHeviwt in Resources */,
				1B81DA6D1BD03E99007EE9AF /* Knockout-HTF46-Flyweight in Resources */,
				1B81DA6A1BD03E99007EE9AF /* Knockout-HTF32-JuniorCruiserwt in Resources */,
				1B81DA7F1BD03E99007EE9AF /* Knockout-HTF90-UltmtWelterwt in Resources */,
				1B81DA561BD03E99007EE9AF /* KnockHTF66FulFly in Resources */,
				1B81DA4B1BD03E99007EE9AF /* KnockHTF33JunHev in Resources */,
				1B81DA481BD03E99007EE9AF /* KnockHTF30JunWel in Resources */,
				1B81DA691BD03E99007EE9AF /* Knockout-HTF31-JuniorMiddlewt in Resources */,
				1B81DA671BD03E99007EE9AF /* Knockout-HTF29-JuniorLiteweight in Resources */,
				1B81DA581BD03E99007EE9AF /* KnockHTF68FulFea in Resources */,
				1B81DA591BD03E99007EE9AF /* KnockHTF69FulLit in Resources */,
				1B81DA741BD03E99007EE9AF /* Knockout-HTF53-Heviweight in Resources */,
			);
			runOnlyForDeploymentPostprocessing = 0;
		};
		DF2F56AA1BB59F790016237F /* Resources */ = {
			isa = PBXResourcesBuildPhase;
			buildActionMask = 2147483647;
			files = (
			);
			runOnlyForDeploymentPostprocessing = 0;
		};
		DF2F56B51BB59F790016237F /* Resources */ = {
			isa = PBXResourcesBuildPhase;
			buildActionMask = 2147483647;
			files = (
			);
			runOnlyForDeploymentPostprocessing = 0;
		};
		DF2F56BE1BB59F790016237F /* Resources */ = {
			isa = PBXResourcesBuildPhase;
			buildActionMask = 2147483647;
			files = (
				DF2F56C91BB59F790016237F /* Assets.xcassets in Resources */,
				DF2F56C71BB59F790016237F /* Interface.storyboard in Resources */,
			);
			runOnlyForDeploymentPostprocessing = 0;
		};
		DF2F56CD1BB59F790016237F /* Resources */ = {
			isa = PBXResourcesBuildPhase;
			buildActionMask = 2147483647;
			files = (
				DF2F56E11BB59F790016237F /* Assets.xcassets in Resources */,
			);
			runOnlyForDeploymentPostprocessing = 0;
		};
/* End PBXResourcesBuildPhase section */

/* Begin PBXShellScriptBuildPhase section */
		4F9F3BB5704E0BEC2876E591 /* Copy Pods Resources */ = {
			isa = PBXShellScriptBuildPhase;
			buildActionMask = 2147483647;
			files = (
			);
			inputPaths = (
			);
			name = "Copy Pods Resources";
			outputPaths = (
			);
			runOnlyForDeploymentPostprocessing = 0;
			shellPath = /bin/sh;
			shellScript = "\"${SRCROOT}/Pods/Target Support Files/Pods-PushIt/Pods-PushIt-resources.sh\"\n";
			showEnvVarsInLog = 0;
		};
		BD1E95D730ED8E839B8DA47E /* Embed Pods Frameworks */ = {
			isa = PBXShellScriptBuildPhase;
			buildActionMask = 2147483647;
			files = (
			);
			inputPaths = (
			);
			name = "Embed Pods Frameworks";
			outputPaths = (
			);
			runOnlyForDeploymentPostprocessing = 0;
			shellPath = /bin/sh;
			shellScript = "\"${SRCROOT}/Pods/Target Support Files/Pods-PushIt/Pods-PushIt-frameworks.sh\"\n";
			showEnvVarsInLog = 0;
		};
		F49084C65965940B6EC4E682 /* Check Pods Manifest.lock */ = {
			isa = PBXShellScriptBuildPhase;
			buildActionMask = 2147483647;
			files = (
			);
			inputPaths = (
			);
			name = "Check Pods Manifest.lock";
			outputPaths = (
			);
			runOnlyForDeploymentPostprocessing = 0;
			shellPath = /bin/sh;
			shellScript = "diff \"${PODS_ROOT}/../Podfile.lock\" \"${PODS_ROOT}/Manifest.lock\" > /dev/null\nif [[ $? != 0 ]] ; then\n    cat << EOM\nerror: The sandbox is not in sync with the Podfile.lock. Run 'pod install' or update your CocoaPods installation.\nEOM\n    exit 1\nfi\n";
			showEnvVarsInLog = 0;
		};
/* End PBXShellScriptBuildPhase section */

/* Begin PBXSourcesBuildPhase section */
		DF2F56941BB59F790016237F /* Sources */ = {
			isa = PBXSourcesBuildPhase;
			buildActionMask = 2147483647;
			files = (
				1B5A78891BB5C975001D2BC4 /* DDDateFormatter.swift in Sources */,
				1B81DA871BD04382007EE9AF /* DDFontUtility.swift in Sources */,
				DF2F56FE1BB5C58B0016237F /* DDPDay.swift in Sources */,
				1B5A788D1BB5C9BD001D2BC4 /* DDCollectionViewUtility.swift in Sources */,
				DF2F56FC1BB5C5250016237F /* DDPWeek.swift in Sources */,
				DF2F56FA1BB5C3AF0016237F /* DDPChallenge.swift in Sources */,
				1B5A788F1BB5C9CF001D2BC4 /* DDViewUtility.swift in Sources */,
				DF2F569C1BB59F790016237F /* AppDelegate.swift in Sources */,
			);
			runOnlyForDeploymentPostprocessing = 0;
		};
		DF2F56A81BB59F790016237F /* Sources */ = {
			isa = PBXSourcesBuildPhase;
			buildActionMask = 2147483647;
			files = (
				DF2F56B11BB59F790016237F /* PushItTests.swift in Sources */,
			);
			runOnlyForDeploymentPostprocessing = 0;
		};
		DF2F56B31BB59F790016237F /* Sources */ = {
			isa = PBXSourcesBuildPhase;
			buildActionMask = 2147483647;
			files = (
				DF2F56BC1BB59F790016237F /* PushItUITests.swift in Sources */,
			);
			runOnlyForDeploymentPostprocessing = 0;
		};
		DF2F56CB1BB59F790016237F /* Sources */ = {
			isa = PBXSourcesBuildPhase;
			buildActionMask = 2147483647;
			files = (
				DF2F56D91BB59F790016237F /* ExtensionDelegate.swift in Sources */,
				DF2F56DF1BB59F790016237F /* ComplicationController.swift in Sources */,
				1B5A78931BB5D0A5001D2BC4 /* PushUpReminderNotification.swift in Sources */,
				1B5A78951BB5D0CB001D2BC4 /* PushUpDetectedNotificationController.swift in Sources */,
				1B5A78911BB5CC36001D2BC4 /* PushUpInputInterfaceController.swift in Sources */,
				DF2F56D71BB59F790016237F /* InterfaceController.swift in Sources */,
				1B5A789E1BB5F13B001D2BC4 /* DayStatsInterfaceController.swift in Sources */,
				DF2F56DD1BB59F790016237F /* GlanceController.swift in Sources */,
				1B5A78971BB5D0DC001D2BC4 /* PushUpDoneNotificationController.swift in Sources */,
			);
			runOnlyForDeploymentPostprocessing = 0;
		};
/* End PBXSourcesBuildPhase section */

/* Begin PBXTargetDependency section */
		DF2F56AE1BB59F790016237F /* PBXTargetDependency */ = {
			isa = PBXTargetDependency;
			target = DF2F56971BB59F790016237F /* PushIt */;
			targetProxy = DF2F56AD1BB59F790016237F /* PBXContainerItemProxy */;
		};
		DF2F56B91BB59F790016237F /* PBXTargetDependency */ = {
			isa = PBXTargetDependency;
			target = DF2F56971BB59F790016237F /* PushIt */;
			targetProxy = DF2F56B81BB59F790016237F /* PBXContainerItemProxy */;
		};
		DF2F56C31BB59F790016237F /* PBXTargetDependency */ = {
			isa = PBXTargetDependency;
			target = DF2F56BF1BB59F790016237F /* PushIt WatchKit App */;
			targetProxy = DF2F56C21BB59F790016237F /* PBXContainerItemProxy */;
		};
		DF2F56D21BB59F790016237F /* PBXTargetDependency */ = {
			isa = PBXTargetDependency;
			target = DF2F56CE1BB59F790016237F /* PushIt WatchKit Extension */;
			targetProxy = DF2F56D11BB59F790016237F /* PBXContainerItemProxy */;
		};
/* End PBXTargetDependency section */

/* Begin PBXVariantGroup section */
		DF2F56A41BB59F790016237F /* LaunchScreen.storyboard */ = {
			isa = PBXVariantGroup;
			children = (
				DF2F56A51BB59F790016237F /* Base */,
			);
			name = LaunchScreen.storyboard;
			sourceTree = "<group>";
		};
		DF2F56C51BB59F790016237F /* Interface.storyboard */ = {
			isa = PBXVariantGroup;
			children = (
				DF2F56C61BB59F790016237F /* Base */,
			);
			name = Interface.storyboard;
			sourceTree = "<group>";
		};
/* End PBXVariantGroup section */

/* Begin XCBuildConfiguration section */
		DF2F56E31BB59F790016237F /* Debug */ = {
			isa = XCBuildConfiguration;
			buildSettings = {
				ALWAYS_SEARCH_USER_PATHS = NO;
				CLANG_CXX_LANGUAGE_STANDARD = "gnu++0x";
				CLANG_CXX_LIBRARY = "libc++";
				CLANG_ENABLE_MODULES = YES;
				CLANG_ENABLE_OBJC_ARC = YES;
				CLANG_WARN_BOOL_CONVERSION = YES;
				CLANG_WARN_CONSTANT_CONVERSION = YES;
				CLANG_WARN_DIRECT_OBJC_ISA_USAGE = YES_ERROR;
				CLANG_WARN_EMPTY_BODY = YES;
				CLANG_WARN_ENUM_CONVERSION = YES;
				CLANG_WARN_INT_CONVERSION = YES;
				CLANG_WARN_OBJC_ROOT_CLASS = YES_ERROR;
				CLANG_WARN_UNREACHABLE_CODE = YES;
				CLANG_WARN__DUPLICATE_METHOD_MATCH = YES;
				"CODE_SIGN_IDENTITY[sdk=iphoneos*]" = "iPhone Developer";
				COPY_PHASE_STRIP = NO;
				DEBUG_INFORMATION_FORMAT = dwarf;
				ENABLE_STRICT_OBJC_MSGSEND = YES;
				ENABLE_TESTABILITY = YES;
				GCC_C_LANGUAGE_STANDARD = gnu99;
				GCC_DYNAMIC_NO_PIC = NO;
				GCC_NO_COMMON_BLOCKS = YES;
				GCC_OPTIMIZATION_LEVEL = 0;
				GCC_PREPROCESSOR_DEFINITIONS = (
					"DEBUG=1",
					"$(inherited)",
				);
				GCC_WARN_64_TO_32_BIT_CONVERSION = YES;
				GCC_WARN_ABOUT_RETURN_TYPE = YES_ERROR;
				GCC_WARN_UNDECLARED_SELECTOR = YES;
				GCC_WARN_UNINITIALIZED_AUTOS = YES_AGGRESSIVE;
				GCC_WARN_UNUSED_FUNCTION = YES;
				GCC_WARN_UNUSED_VARIABLE = YES;
				IPHONEOS_DEPLOYMENT_TARGET = 9.0;
				MTL_ENABLE_DEBUG_INFO = YES;
				ONLY_ACTIVE_ARCH = YES;
				SDKROOT = iphoneos;
				SWIFT_OPTIMIZATION_LEVEL = "-Onone";
				TARGETED_DEVICE_FAMILY = "1,2";
			};
			name = Debug;
		};
		DF2F56E41BB59F790016237F /* Release */ = {
			isa = XCBuildConfiguration;
			buildSettings = {
				ALWAYS_SEARCH_USER_PATHS = NO;
				CLANG_CXX_LANGUAGE_STANDARD = "gnu++0x";
				CLANG_CXX_LIBRARY = "libc++";
				CLANG_ENABLE_MODULES = YES;
				CLANG_ENABLE_OBJC_ARC = YES;
				CLANG_WARN_BOOL_CONVERSION = YES;
				CLANG_WARN_CONSTANT_CONVERSION = YES;
				CLANG_WARN_DIRECT_OBJC_ISA_USAGE = YES_ERROR;
				CLANG_WARN_EMPTY_BODY = YES;
				CLANG_WARN_ENUM_CONVERSION = YES;
				CLANG_WARN_INT_CONVERSION = YES;
				CLANG_WARN_OBJC_ROOT_CLASS = YES_ERROR;
				CLANG_WARN_UNREACHABLE_CODE = YES;
				CLANG_WARN__DUPLICATE_METHOD_MATCH = YES;
				"CODE_SIGN_IDENTITY[sdk=iphoneos*]" = "iPhone Developer";
				COPY_PHASE_STRIP = NO;
				DEBUG_INFORMATION_FORMAT = "dwarf-with-dsym";
				ENABLE_NS_ASSERTIONS = NO;
				ENABLE_STRICT_OBJC_MSGSEND = YES;
				GCC_C_LANGUAGE_STANDARD = gnu99;
				GCC_NO_COMMON_BLOCKS = YES;
				GCC_WARN_64_TO_32_BIT_CONVERSION = YES;
				GCC_WARN_ABOUT_RETURN_TYPE = YES_ERROR;
				GCC_WARN_UNDECLARED_SELECTOR = YES;
				GCC_WARN_UNINITIALIZED_AUTOS = YES_AGGRESSIVE;
				GCC_WARN_UNUSED_FUNCTION = YES;
				GCC_WARN_UNUSED_VARIABLE = YES;
				IPHONEOS_DEPLOYMENT_TARGET = 9.0;
				MTL_ENABLE_DEBUG_INFO = NO;
				SDKROOT = iphoneos;
				TARGETED_DEVICE_FAMILY = "1,2";
				VALIDATE_PRODUCT = YES;
			};
			name = Release;
		};
		DF2F56E61BB59F790016237F /* Debug */ = {
			isa = XCBuildConfiguration;
			buildSettings = {
				ASSETCATALOG_COMPILER_COMPLICATION_NAME = Complication;
				CODE_SIGN_IDENTITY = "iPhone Developer";
				INFOPLIST_FILE = "PushIt WatchKit Extension/Info.plist";
				LD_RUNPATH_SEARCH_PATHS = "$(inherited) @executable_path/Frameworks @executable_path/../../Frameworks";
				PRODUCT_BUNDLE_IDENTIFIER = com.Deloitte.PushIt.watchkitapp.watchkitextension;
				PRODUCT_NAME = "${TARGET_NAME}";
				SDKROOT = watchos;
				SKIP_INSTALL = YES;
				TARGETED_DEVICE_FAMILY = 4;
				WATCHOS_DEPLOYMENT_TARGET = 2.0;
			};
			name = Debug;
		};
		DF2F56E71BB59F790016237F /* Release */ = {
			isa = XCBuildConfiguration;
			buildSettings = {
				ASSETCATALOG_COMPILER_COMPLICATION_NAME = Complication;
				CODE_SIGN_IDENTITY = "iPhone Developer";
				INFOPLIST_FILE = "PushIt WatchKit Extension/Info.plist";
				LD_RUNPATH_SEARCH_PATHS = "$(inherited) @executable_path/Frameworks @executable_path/../../Frameworks";
				PRODUCT_BUNDLE_IDENTIFIER = com.Deloitte.PushIt.watchkitapp.watchkitextension;
				PRODUCT_NAME = "${TARGET_NAME}";
				SDKROOT = watchos;
				SKIP_INSTALL = YES;
				TARGETED_DEVICE_FAMILY = 4;
				WATCHOS_DEPLOYMENT_TARGET = 2.0;
			};
			name = Release;
		};
		DF2F56EA1BB59F790016237F /* Debug */ = {
			isa = XCBuildConfiguration;
			buildSettings = {
				ASSETCATALOG_COMPILER_APPICON_NAME = AppIcon;
				EMBEDDED_CONTENT_CONTAINS_SWIFT = YES;
				IBSC_MODULE = PushIt_WatchKit_Extension;
				INFOPLIST_FILE = "PushIt WatchKit App/Info.plist";
				PRODUCT_BUNDLE_IDENTIFIER = com.Deloitte.PushIt.watchkitapp;
				PRODUCT_NAME = "$(TARGET_NAME)";
				SDKROOT = watchos;
				SKIP_INSTALL = YES;
				TARGETED_DEVICE_FAMILY = 4;
				WATCHOS_DEPLOYMENT_TARGET = 2.0;
			};
			name = Debug;
		};
		DF2F56EB1BB59F790016237F /* Release */ = {
			isa = XCBuildConfiguration;
			buildSettings = {
				ASSETCATALOG_COMPILER_APPICON_NAME = AppIcon;
				EMBEDDED_CONTENT_CONTAINS_SWIFT = YES;
				IBSC_MODULE = PushIt_WatchKit_Extension;
				INFOPLIST_FILE = "PushIt WatchKit App/Info.plist";
				PRODUCT_BUNDLE_IDENTIFIER = com.Deloitte.PushIt.watchkitapp;
				PRODUCT_NAME = "$(TARGET_NAME)";
				SDKROOT = watchos;
				SKIP_INSTALL = YES;
				TARGETED_DEVICE_FAMILY = 4;
				WATCHOS_DEPLOYMENT_TARGET = 2.0;
			};
			name = Release;
		};
		DF2F56EE1BB59F790016237F /* Debug */ = {
			isa = XCBuildConfiguration;
			buildSettings = {
				ASSETCATALOG_COMPILER_APPICON_NAME = AppIcon;
				CODE_SIGN_IDENTITY = "iPhone Developer";
				INFOPLIST_FILE = PushIt/Info.plist;
				LD_RUNPATH_SEARCH_PATHS = "$(inherited) @executable_path/Frameworks";
				PRODUCT_BUNDLE_IDENTIFIER = com.Deloitte.PushIt;
				PRODUCT_NAME = "$(TARGET_NAME)";
				PROVISIONING_PROFILE = "02f04182-8a9a-4d3c-af33-b89802e5ec53";
			};
			name = Debug;
		};
		DF2F56EF1BB59F790016237F /* Release */ = {
			isa = XCBuildConfiguration;
			buildSettings = {
				ASSETCATALOG_COMPILER_APPICON_NAME = AppIcon;
				CODE_SIGN_IDENTITY = "iPhone Developer";
				INFOPLIST_FILE = PushIt/Info.plist;
				LD_RUNPATH_SEARCH_PATHS = "$(inherited) @executable_path/Frameworks";
				PRODUCT_BUNDLE_IDENTIFIER = com.Deloitte.PushIt;
				PRODUCT_NAME = "$(TARGET_NAME)";
				PROVISIONING_PROFILE = "02f04182-8a9a-4d3c-af33-b89802e5ec53";
			};
			name = Release;
		};
		DF2F56F11BB59F790016237F /* Debug */ = {
			isa = XCBuildConfiguration;
			buildSettings = {
				BUNDLE_LOADER = "$(TEST_HOST)";
				INFOPLIST_FILE = PushItTests/Info.plist;
				LD_RUNPATH_SEARCH_PATHS = "$(inherited) @executable_path/Frameworks @loader_path/Frameworks";
				PRODUCT_BUNDLE_IDENTIFIER = com.Deloitte.PushItTests;
				PRODUCT_NAME = "$(TARGET_NAME)";
				TEST_HOST = "$(BUILT_PRODUCTS_DIR)/PushIt.app/PushIt";
			};
			name = Debug;
		};
		DF2F56F21BB59F790016237F /* Release */ = {
			isa = XCBuildConfiguration;
			buildSettings = {
				BUNDLE_LOADER = "$(TEST_HOST)";
				INFOPLIST_FILE = PushItTests/Info.plist;
				LD_RUNPATH_SEARCH_PATHS = "$(inherited) @executable_path/Frameworks @loader_path/Frameworks";
				PRODUCT_BUNDLE_IDENTIFIER = com.Deloitte.PushItTests;
				PRODUCT_NAME = "$(TARGET_NAME)";
				TEST_HOST = "$(BUILT_PRODUCTS_DIR)/PushIt.app/PushIt";
			};
			name = Release;
		};
		DF2F56F41BB59F790016237F /* Debug */ = {
			isa = XCBuildConfiguration;
			buildSettings = {
				INFOPLIST_FILE = PushItUITests/Info.plist;
				LD_RUNPATH_SEARCH_PATHS = "$(inherited) @executable_path/Frameworks @loader_path/Frameworks";
				PRODUCT_BUNDLE_IDENTIFIER = com.Deloitte.PushItUITests;
				PRODUCT_NAME = "$(TARGET_NAME)";
				TEST_TARGET_NAME = PushIt;
				USES_XCTRUNNER = YES;
			};
			name = Debug;
		};
		DF2F56F51BB59F790016237F /* Release */ = {
			isa = XCBuildConfiguration;
			buildSettings = {
				INFOPLIST_FILE = PushItUITests/Info.plist;
				LD_RUNPATH_SEARCH_PATHS = "$(inherited) @executable_path/Frameworks @loader_path/Frameworks";
				PRODUCT_BUNDLE_IDENTIFIER = com.Deloitte.PushItUITests;
				PRODUCT_NAME = "$(TARGET_NAME)";
				TEST_TARGET_NAME = PushIt;
				USES_XCTRUNNER = YES;
			};
			name = Release;
		};
/* End XCBuildConfiguration section */

/* Begin XCConfigurationList section */
		DF2F56931BB59F790016237F /* Build configuration list for PBXProject "PushIt" */ = {
			isa = XCConfigurationList;
			buildConfigurations = (
				DF2F56E31BB59F790016237F /* Debug */,
				DF2F56E41BB59F790016237F /* Release */,
			);
			defaultConfigurationIsVisible = 0;
			defaultConfigurationName = Release;
		};
		DF2F56E51BB59F790016237F /* Build configuration list for PBXNativeTarget "PushIt WatchKit Extension" */ = {
			isa = XCConfigurationList;
			buildConfigurations = (
				DF2F56E61BB59F790016237F /* Debug */,
				DF2F56E71BB59F790016237F /* Release */,
			);
			defaultConfigurationIsVisible = 0;
			defaultConfigurationName = Release;
		};
		DF2F56E91BB59F790016237F /* Build configuration list for PBXNativeTarget "PushIt WatchKit App" */ = {
			isa = XCConfigurationList;
			buildConfigurations = (
				DF2F56EA1BB59F790016237F /* Debug */,
				DF2F56EB1BB59F790016237F /* Release */,
			);
			defaultConfigurationIsVisible = 0;
			defaultConfigurationName = Release;
		};
		DF2F56ED1BB59F790016237F /* Build configuration list for PBXNativeTarget "PushIt" */ = {
			isa = XCConfigurationList;
			buildConfigurations = (
				DF2F56EE1BB59F790016237F /* Debug */,
				DF2F56EF1BB59F790016237F /* Release */,
			);
			defaultConfigurationIsVisible = 0;
			defaultConfigurationName = Release;
		};
		DF2F56F01BB59F790016237F /* Build configuration list for PBXNativeTarget "PushItTests" */ = {
			isa = XCConfigurationList;
			buildConfigurations = (
				DF2F56F11BB59F790016237F /* Debug */,
				DF2F56F21BB59F790016237F /* Release */,
			);
			defaultConfigurationIsVisible = 0;
			defaultConfigurationName = Release;
		};
		DF2F56F31BB59F790016237F /* Build configuration list for PBXNativeTarget "PushItUITests" */ = {
			isa = XCConfigurationList;
			buildConfigurations = (
				DF2F56F41BB59F790016237F /* Debug */,
				DF2F56F51BB59F790016237F /* Release */,
			);
			defaultConfigurationIsVisible = 0;
			defaultConfigurationName = Release;
		};
/* End XCConfigurationList section */
	};
	rootObject = DF2F56901BB59F790016237F /* Project object */;
}
